
Microsoft Visual Studio Solution File, Format Version 12.00
# Visual Studio Version 17
VisualStudioVersion = 17.3.32929.385
MinimumVisualStudioVersion = 10.0.40219.1
Project("{8BC9CEB8-8B4A-11D0-8D11-00A0C91BC942}") = "CPP Final Project", "CPP Final Project.vcxproj", "{3AAD8F51-8562-4C4F-B7F3-05A1FB0760DC}"
EndProject
Global
	GlobalSection(SolutionConfigurationPlatforms) = preSolution
		Debug|x64 = Debug|x64
		Debug|x86 = Debug|x86
		Release|x64 = Release|x64
		Release|x86 = Release|x86
	EndGlobalSection
	GlobalSection(ProjectConfigurationPlatforms) = postSolution
		{3AAD8F51-8562-4C4F-B7F3-05A1FB0760DC}.Debug|x64.ActiveCfg = Debug|x64
		{3AAD8F51-8562-4C4F-B7F3-05A1FB0760DC}.Debug|x64.Build.0 = Debug|x64
		{3AAD8F51-8562-4C4F-B7F3-05A1FB0760DC}.Debug|x86.ActiveCfg = Debug|Win32
		{3AAD8F51-8562-4C4F-B7F3-05A1FB0760DC}.Debug|x86.Build.0 = Debug|Win32
		{3AAD8F51-8562-4C4F-B7F3-05A1FB0760DC}.Release|x64.ActiveCfg = Release|x64
		{3AAD8F51-8562-4C4F-B7F3-05A1FB0760DC}.Release|x64.Build.0 = Release|x64
		{3AAD8F51-8562-4C4F-B7F3-05A1FB0760DC}.Release|x86.ActiveCfg = Release|Win32
		{3AAD8F51-8562-4C4F-B7F3-05A1FB0760DC}.Release|x86.Build.0 = Release|Win32
	EndGlobalSection
	GlobalSection(SolutionProperties) = preSolution
		HideSolutionNode = FALSE
	EndGlobalSection
	GlobalSection(ExtensibilityGlobals) = postSolution
		SolutionGuid = {16763301-C105-4730-8A9C-180D7E70B51A}
	EndGlobalSection
EndGlobal
